// !$*UTF8*$!
{
	archiveVersion = 1;
	classes = {
	};
	objectVersion = 46;
	objects = {

/* Begin PBXBuildFile section */
		F003629B1DD57C4600AE1412 /* Display.swift in Sources */ = {isa = PBXBuildFile; fileRef = F003629A1DD57C4600AE1412 /* Display.swift */; };
		F008DC2E1D9F5F7B00F8DF0D /* GameOverScene.swift in Sources */ = {isa = PBXBuildFile; fileRef = F008DC2D1D9F5F7B00F8DF0D /* GameOverScene.swift */; };
		F0354A061D863CFB00B2C55E /* background-music-aac.caf in Resources */ = {isa = PBXBuildFile; fileRef = F0354A031D863CFB00B2C55E /* background-music-aac.caf */; };
		F0354A071D863CFB00B2C55E /* pew-pew-lei.caf in Resources */ = {isa = PBXBuildFile; fileRef = F0354A041D863CFB00B2C55E /* pew-pew-lei.caf */; };
		F0354A081D863CFB00B2C55E /* sprites.atlas in Resources */ = {isa = PBXBuildFile; fileRef = F0354A051D863CFB00B2C55E /* sprites.atlas */; };
		F0354A0A1D863E2F00B2C55E /* Readme.md in Sources */ = {isa = PBXBuildFile; fileRef = F0354A091D863E2F00B2C55E /* Readme.md */; };
		F0548E751DA0D7E0004ED763 /* Monster.swift in Sources */ = {isa = PBXBuildFile; fileRef = F0548E741DA0D7E0004ED763 /* Monster.swift */; };
		F0548E771DA35059004ED763 /* Player.swift in Sources */ = {isa = PBXBuildFile; fileRef = F0548E761DA35059004ED763 /* Player.swift */; };
		F0A937911D5034F1006CD7CB /* AppDelegate.swift in Sources */ = {isa = PBXBuildFile; fileRef = F0A937901D5034F1006CD7CB /* AppDelegate.swift */; };
		F0A937951D5034F2006CD7CB /* GameScene.swift in Sources */ = {isa = PBXBuildFile; fileRef = F0A937941D5034F2006CD7CB /* GameScene.swift */; };
		F0A937971D5034F2006CD7CB /* GameViewController.swift in Sources */ = {isa = PBXBuildFile; fileRef = F0A937961D5034F2006CD7CB /* GameViewController.swift */; };
		F0A9379A1D5034F2006CD7CB /* Main.storyboard in Resources */ = {isa = PBXBuildFile; fileRef = F0A937981D5034F2006CD7CB /* Main.storyboard */; };
		F0A9379C1D5034F2006CD7CB /* Assets.xcassets in Resources */ = {isa = PBXBuildFile; fileRef = F0A9379B1D5034F2006CD7CB /* Assets.xcassets */; };
		F0A9379F1D5034F2006CD7CB /* LaunchScreen.storyboard in Resources */ = {isa = PBXBuildFile; fileRef = F0A9379D1D5034F2006CD7CB /* LaunchScreen.storyboard */; };
		F0A937AA1D5034F4006CD7CB /* block_assaultTests.swift in Sources */ = {isa = PBXBuildFile; fileRef = F0A937A91D5034F4006CD7CB /* block_assaultTests.swift */; };
		F0A937B51D5034F4006CD7CB /* block_assaultUITests.swift in Sources */ = {isa = PBXBuildFile; fileRef = F0A937B41D5034F4006CD7CB /* block_assaultUITests.swift */; };
/* End PBXBuildFile section */

/* Begin PBXContainerItemProxy section */
		F0A937A61D5034F4006CD7CB /* PBXContainerItemProxy */ = {
			isa = PBXContainerItemProxy;
			containerPortal = F0A937851D5034EF006CD7CB /* Project object */;
			proxyType = 1;
			remoteGlobalIDString = F0A9378C1D5034EF006CD7CB;
			remoteInfo = "block-assault";
		};
		F0A937B11D5034F4006CD7CB /* PBXContainerItemProxy */ = {
			isa = PBXContainerItemProxy;
			containerPortal = F0A937851D5034EF006CD7CB /* Project object */;
			proxyType = 1;
			remoteGlobalIDString = F0A9378C1D5034EF006CD7CB;
			remoteInfo = "block-assault";
		};
/* End PBXContainerItemProxy section */

/* Begin PBXFileReference section */
		F003629A1DD57C4600AE1412 /* Display.swift */ = {isa = PBXFileReference; fileEncoding = 4; lastKnownFileType = sourcecode.swift; path = Display.swift; sourceTree = "<group>"; };
		F008DC2D1D9F5F7B00F8DF0D /* GameOverScene.swift */ = {isa = PBXFileReference; fileEncoding = 4; lastKnownFileType = sourcecode.swift; path = GameOverScene.swift; sourceTree = "<group>"; };
		F0354A031D863CFB00B2C55E /* background-music-aac.caf */ = {isa = PBXFileReference; lastKnownFileType = file; path = "background-music-aac.caf"; sourceTree = "<group>"; };
		F0354A041D863CFB00B2C55E /* pew-pew-lei.caf */ = {isa = PBXFileReference; lastKnownFileType = file; path = "pew-pew-lei.caf"; sourceTree = "<group>"; };
		F0354A051D863CFB00B2C55E /* sprites.atlas */ = {isa = PBXFileReference; lastKnownFileType = folder.skatlas; path = sprites.atlas; sourceTree = "<group>"; };
		F0354A091D863E2F00B2C55E /* Readme.md */ = {isa = PBXFileReference; fileEncoding = 4; lastKnownFileType = net.daringfireball.markdown; path = Readme.md; sourceTree = "<group>"; };
		F0548E741DA0D7E0004ED763 /* Monster.swift */ = {isa = PBXFileReference; fileEncoding = 4; lastKnownFileType = sourcecode.swift; path = Monster.swift; sourceTree = "<group>"; };
		F0548E761DA35059004ED763 /* Player.swift */ = {isa = PBXFileReference; fileEncoding = 4; lastKnownFileType = sourcecode.swift; path = Player.swift; sourceTree = "<group>"; };
		F0A9378D1D5034F0006CD7CB /* block-assault.app */ = {isa = PBXFileReference; explicitFileType = wrapper.application; includeInIndex = 0; path = "block-assault.app"; sourceTree = BUILT_PRODUCTS_DIR; };
		F0A937901D5034F1006CD7CB /* AppDelegate.swift */ = {isa = PBXFileReference; lastKnownFileType = sourcecode.swift; path = AppDelegate.swift; sourceTree = "<group>"; };
		F0A937941D5034F2006CD7CB /* GameScene.swift */ = {isa = PBXFileReference; lastKnownFileType = sourcecode.swift; path = GameScene.swift; sourceTree = "<group>"; };
		F0A937961D5034F2006CD7CB /* GameViewController.swift */ = {isa = PBXFileReference; lastKnownFileType = sourcecode.swift; path = GameViewController.swift; sourceTree = "<group>"; };
		F0A937991D5034F2006CD7CB /* Base */ = {isa = PBXFileReference; lastKnownFileType = file.storyboard; name = Base; path = Base.lproj/Main.storyboard; sourceTree = "<group>"; };
		F0A9379B1D5034F2006CD7CB /* Assets.xcassets */ = {isa = PBXFileReference; lastKnownFileType = folder.assetcatalog; path = Assets.xcassets; sourceTree = "<group>"; };
		F0A9379E1D5034F2006CD7CB /* Base */ = {isa = PBXFileReference; lastKnownFileType = file.storyboard; name = Base; path = Base.lproj/LaunchScreen.storyboard; sourceTree = "<group>"; };
		F0A937A01D5034F2006CD7CB /* Info.plist */ = {isa = PBXFileReference; lastKnownFileType = text.plist.xml; path = Info.plist; sourceTree = "<group>"; };
		F0A937A51D5034F4006CD7CB /* block-assaultTests.xctest */ = {isa = PBXFileReference; explicitFileType = wrapper.cfbundle; includeInIndex = 0; path = "block-assaultTests.xctest"; sourceTree = BUILT_PRODUCTS_DIR; };
		F0A937A91D5034F4006CD7CB /* block_assaultTests.swift */ = {isa = PBXFileReference; lastKnownFileType = sourcecode.swift; path = block_assaultTests.swift; sourceTree = "<group>"; };
		F0A937AB1D5034F4006CD7CB /* Info.plist */ = {isa = PBXFileReference; lastKnownFileType = text.plist.xml; path = Info.plist; sourceTree = "<group>"; };
		F0A937B01D5034F4006CD7CB /* block-assaultUITests.xctest */ = {isa = PBXFileReference; explicitFileType = wrapper.cfbundle; includeInIndex = 0; path = "block-assaultUITests.xctest"; sourceTree = BUILT_PRODUCTS_DIR; };
		F0A937B41D5034F4006CD7CB /* block_assaultUITests.swift */ = {isa = PBXFileReference; lastKnownFileType = sourcecode.swift; path = block_assaultUITests.swift; sourceTree = "<group>"; };
		F0A937B61D5034F4006CD7CB /* Info.plist */ = {isa = PBXFileReference; lastKnownFileType = text.plist.xml; path = Info.plist; sourceTree = "<group>"; };
/* End PBXFileReference section */

/* Begin PBXFrameworksBuildPhase section */
		F0A9378A1D5034EF006CD7CB /* Frameworks */ = {
			isa = PBXFrameworksBuildPhase;
			buildActionMask = 2147483647;
			files = (
			);
			runOnlyForDeploymentPostprocessing = 0;
		};
		F0A937A21D5034F4006CD7CB /* Frameworks */ = {
			isa = PBXFrameworksBuildPhase;
			buildActionMask = 2147483647;
			files = (
			);
			runOnlyForDeploymentPostprocessing = 0;
		};
		F0A937AD1D5034F4006CD7CB /* Frameworks */ = {
			isa = PBXFrameworksBuildPhase;
			buildActionMask = 2147483647;
			files = (
			);
			runOnlyForDeploymentPostprocessing = 0;
		};
/* End PBXFrameworksBuildPhase section */

/* Begin PBXGroup section */
		F0354A021D863CFB00B2C55E /* Sounds */ = {
			isa = PBXGroup;
			children = (
				F0354A031D863CFB00B2C55E /* background-music-aac.caf */,
				F0354A041D863CFB00B2C55E /* pew-pew-lei.caf */,
			);
			path = Sounds;
			sourceTree = "<group>";
		};
		F0A937841D5034EF006CD7CB = {
			isa = PBXGroup;
			children = (
				F0354A091D863E2F00B2C55E /* Readme.md */,
				F0354A021D863CFB00B2C55E /* Sounds */,
				F0354A051D863CFB00B2C55E /* sprites.atlas */,
				F0A9378F1D5034F1006CD7CB /* block-assault */,
				F0A937A81D5034F4006CD7CB /* block-assaultTests */,
				F0A937B31D5034F4006CD7CB /* block-assaultUITests */,
				F0A9378E1D5034F0006CD7CB /* Products */,
			);
			sourceTree = "<group>";
		};
		F0A9378E1D5034F0006CD7CB /* Products */ = {
			isa = PBXGroup;
			children = (
				F0A9378D1D5034F0006CD7CB /* block-assault.app */,
				F0A937A51D5034F4006CD7CB /* block-assaultTests.xctest */,
				F0A937B01D5034F4006CD7CB /* block-assaultUITests.xctest */,
			);
			name = Products;
			sourceTree = "<group>";
		};
		F0A9378F1D5034F1006CD7CB /* block-assault */ = {
			isa = PBXGroup;
			children = (
				F0A937901D5034F1006CD7CB /* AppDelegate.swift */,
				F0A937941D5034F2006CD7CB /* GameScene.swift */,
				F0A937961D5034F2006CD7CB /* GameViewController.swift */,
				F0A937981D5034F2006CD7CB /* Main.storyboard */,
				F0A9379B1D5034F2006CD7CB /* Assets.xcassets */,
				F0A9379D1D5034F2006CD7CB /* LaunchScreen.storyboard */,
				F0A937A01D5034F2006CD7CB /* Info.plist */,
				F008DC2D1D9F5F7B00F8DF0D /* GameOverScene.swift */,
				F0548E741DA0D7E0004ED763 /* Monster.swift */,
				F0548E761DA35059004ED763 /* Player.swift */,
				F003629A1DD57C4600AE1412 /* Display.swift */,
			);
			path = "block-assault";
			sourceTree = "<group>";
		};
		F0A937A81D5034F4006CD7CB /* block-assaultTests */ = {
			isa = PBXGroup;
			children = (
				F0A937A91D5034F4006CD7CB /* block_assaultTests.swift */,
				F0A937AB1D5034F4006CD7CB /* Info.plist */,
			);
			path = "block-assaultTests";
			sourceTree = "<group>";
		};
		F0A937B31D5034F4006CD7CB /* block-assaultUITests */ = {
			isa = PBXGroup;
			children = (
				F0A937B41D5034F4006CD7CB /* block_assaultUITests.swift */,
				F0A937B61D5034F4006CD7CB /* Info.plist */,
			);
			path = "block-assaultUITests";
			sourceTree = "<group>";
		};
/* End PBXGroup section */

/* Begin PBXNativeTarget section */
		F0A9378C1D5034EF006CD7CB /* block-assault */ = {
			isa = PBXNativeTarget;
			buildConfigurationList = F0A937B91D5034F4006CD7CB /* Build configuration list for PBXNativeTarget "block-assault" */;
			buildPhases = (
				F0A937891D5034EF006CD7CB /* Sources */,
				F0A9378A1D5034EF006CD7CB /* Frameworks */,
				F0A9378B1D5034EF006CD7CB /* Resources */,
			);
			buildRules = (
			);
			dependencies = (
			);
			name = "block-assault";
			productName = "block-assault";
			productReference = F0A9378D1D5034F0006CD7CB /* block-assault.app */;
			productType = "com.apple.product-type.application";
		};
		F0A937A41D5034F4006CD7CB /* block-assaultTests */ = {
			isa = PBXNativeTarget;
			buildConfigurationList = F0A937BC1D5034F4006CD7CB /* Build configuration list for PBXNativeTarget "block-assaultTests" */;
			buildPhases = (
				F0A937A11D5034F4006CD7CB /* Sources */,
				F0A937A21D5034F4006CD7CB /* Frameworks */,
				F0A937A31D5034F4006CD7CB /* Resources */,
			);
			buildRules = (
			);
			dependencies = (
				F0A937A71D5034F4006CD7CB /* PBXTargetDependency */,
			);
			name = "block-assaultTests";
			productName = "block-assaultTests";
			productReference = F0A937A51D5034F4006CD7CB /* block-assaultTests.xctest */;
			productType = "com.apple.product-type.bundle.unit-test";
		};
		F0A937AF1D5034F4006CD7CB /* block-assaultUITests */ = {
			isa = PBXNativeTarget;
			buildConfigurationList = F0A937BF1D5034F4006CD7CB /* Build configuration list for PBXNativeTarget "block-assaultUITests" */;
			buildPhases = (
				F0A937AC1D5034F4006CD7CB /* Sources */,
				F0A937AD1D5034F4006CD7CB /* Frameworks */,
				F0A937AE1D5034F4006CD7CB /* Resources */,
			);
			buildRules = (
			);
			dependencies = (
				F0A937B21D5034F4006CD7CB /* PBXTargetDependency */,
			);
			name = "block-assaultUITests";
			productName = "block-assaultUITests";
			productReference = F0A937B01D5034F4006CD7CB /* block-assaultUITests.xctest */;
			productType = "com.apple.product-type.bundle.ui-testing";
		};
/* End PBXNativeTarget section */

/* Begin PBXProject section */
		F0A937851D5034EF006CD7CB /* Project object */ = {
			isa = PBXProject;
			attributes = {
				LastSwiftUpdateCheck = 0730;
				LastUpgradeCheck = 0800;
				ORGANIZATIONNAME = "Edward McIntosh";
				TargetAttributes = {
					F0A9378C1D5034EF006CD7CB = {
						CreatedOnToolsVersion = 7.3.1;
						DevelopmentTeam = G7B8JFPW9S;
						LastSwiftMigration = 0800;
					};
					F0A937A41D5034F4006CD7CB = {
						CreatedOnToolsVersion = 7.3.1;
						DevelopmentTeam = G7B8JFPW9S;
						LastSwiftMigration = 0800;
						TestTargetID = F0A9378C1D5034EF006CD7CB;
					};
					F0A937AF1D5034F4006CD7CB = {
						CreatedOnToolsVersion = 7.3.1;
						DevelopmentTeam = G7B8JFPW9S;
						LastSwiftMigration = 0800;
						TestTargetID = F0A9378C1D5034EF006CD7CB;
					};
				};
			};
			buildConfigurationList = F0A937881D5034EF006CD7CB /* Build configuration list for PBXProject "block-assault" */;
			compatibilityVersion = "Xcode 3.2";
			developmentRegion = English;
			hasScannedForEncodings = 0;
			knownRegions = (
				en,
				Base,
			);
			mainGroup = F0A937841D5034EF006CD7CB;
			productRefGroup = F0A9378E1D5034F0006CD7CB /* Products */;
			projectDirPath = "";
			projectRoot = "";
			targets = (
				F0A9378C1D5034EF006CD7CB /* block-assault */,
				F0A937A41D5034F4006CD7CB /* block-assaultTests */,
				F0A937AF1D5034F4006CD7CB /* block-assaultUITests */,
			);
		};
/* End PBXProject section */

/* Begin PBXResourcesBuildPhase section */
		F0A9378B1D5034EF006CD7CB /* Resources */ = {
			isa = PBXResourcesBuildPhase;
			buildActionMask = 2147483647;
			files = (
				F0354A061D863CFB00B2C55E /* background-music-aac.caf in Resources */,
				F0A9379F1D5034F2006CD7CB /* LaunchScreen.storyboard in Resources */,
				F0A9379C1D5034F2006CD7CB /* Assets.xcassets in Resources */,
				F0354A071D863CFB00B2C55E /* pew-pew-lei.caf in Resources */,
				F0354A081D863CFB00B2C55E /* sprites.atlas in Resources */,
				F0A9379A1D5034F2006CD7CB /* Main.storyboard in Resources */,
			);
			runOnlyForDeploymentPostprocessing = 0;
		};
		F0A937A31D5034F4006CD7CB /* Resources */ = {
			isa = PBXResourcesBuildPhase;
			buildActionMask = 2147483647;
			files = (
			);
			runOnlyForDeploymentPostprocessing = 0;
		};
		F0A937AE1D5034F4006CD7CB /* Resources */ = {
			isa = PBXResourcesBuildPhase;
			buildActionMask = 2147483647;
			files = (
			);
			runOnlyForDeploymentPostprocessing = 0;
		};
/* End PBXResourcesBuildPhase section */

/* Begin PBXSourcesBuildPhase section */
		F0A937891D5034EF006CD7CB /* Sources */ = {
			isa = PBXSourcesBuildPhase;
			buildActionMask = 2147483647;
			files = (
				F008DC2E1D9F5F7B00F8DF0D /* GameOverScene.swift in Sources */,
				F0A937951D5034F2006CD7CB /* GameScene.swift in Sources */,
				F0A937971D5034F2006CD7CB /* GameViewController.swift in Sources */,
				F0354A0A1D863E2F00B2C55E /* Readme.md in Sources */,
				F0548E771DA35059004ED763 /* Player.swift in Sources */,
				F0548E751DA0D7E0004ED763 /* Monster.swift in Sources */,
				F003629B1DD57C4600AE1412 /* Display.swift in Sources */,
				F0A937911D5034F1006CD7CB /* AppDelegate.swift in Sources */,
			);
			runOnlyForDeploymentPostprocessing = 0;
		};
		F0A937A11D5034F4006CD7CB /* Sources */ = {
			isa = PBXSourcesBuildPhase;
			buildActionMask = 2147483647;
			files = (
				F0A937AA1D5034F4006CD7CB /* block_assaultTests.swift in Sources */,
			);
			runOnlyForDeploymentPostprocessing = 0;
		};
		F0A937AC1D5034F4006CD7CB /* Sources */ = {
			isa = PBXSourcesBuildPhase;
			buildActionMask = 2147483647;
			files = (
				F0A937B51D5034F4006CD7CB /* block_assaultUITests.swift in Sources */,
			);
			runOnlyForDeploymentPostprocessing = 0;
		};
/* End PBXSourcesBuildPhase section */

/* Begin PBXTargetDependency section */
		F0A937A71D5034F4006CD7CB /* PBXTargetDependency */ = {
			isa = PBXTargetDependency;
			target = F0A9378C1D5034EF006CD7CB /* block-assault */;
			targetProxy = F0A937A61D5034F4006CD7CB /* PBXContainerItemProxy */;
		};
		F0A937B21D5034F4006CD7CB /* PBXTargetDependency */ = {
			isa = PBXTargetDependency;
			target = F0A9378C1D5034EF006CD7CB /* block-assault */;
			targetProxy = F0A937B11D5034F4006CD7CB /* PBXContainerItemProxy */;
		};
/* End PBXTargetDependency section */

/* Begin PBXVariantGroup section */
		F0A937981D5034F2006CD7CB /* Main.storyboard */ = {
			isa = PBXVariantGroup;
			children = (
				F0A937991D5034F2006CD7CB /* Base */,
			);
			name = Main.storyboard;
			sourceTree = "<group>";
		};
		F0A9379D1D5034F2006CD7CB /* LaunchScreen.storyboard */ = {
			isa = PBXVariantGroup;
			children = (
				F0A9379E1D5034F2006CD7CB /* Base */,
			);
			name = LaunchScreen.storyboard;
			sourceTree = "<group>";
		};
/* End PBXVariantGroup section */

/* Begin XCBuildConfiguration section */
		F0A937B71D5034F4006CD7CB /* Debug */ = {
			isa = XCBuildConfiguration;
			buildSettings = {
				ALWAYS_SEARCH_USER_PATHS = NO;
				CLANG_ANALYZER_NONNULL = YES;
				CLANG_CXX_LANGUAGE_STANDARD = "gnu++0x";
				CLANG_CXX_LIBRARY = "libc++";
				CLANG_ENABLE_MODULES = YES;
				CLANG_ENABLE_OBJC_ARC = YES;
				CLANG_WARN_BOOL_CONVERSION = YES;
				CLANG_WARN_CONSTANT_CONVERSION = YES;
				CLANG_WARN_DIRECT_OBJC_ISA_USAGE = YES_ERROR;
				CLANG_WARN_EMPTY_BODY = YES;
				CLANG_WARN_ENUM_CONVERSION = YES;
				CLANG_WARN_INFINITE_RECURSION = YES;
				CLANG_WARN_INT_CONVERSION = YES;
				CLANG_WARN_OBJC_ROOT_CLASS = YES_ERROR;
				CLANG_WARN_SUSPICIOUS_MOVE = YES;
				CLANG_WARN_UNREACHABLE_CODE = YES;
				CLANG_WARN__DUPLICATE_METHOD_MATCH = YES;
				CODE_SIGN_IDENTITY = "iPhone Developer";
				"CODE_SIGN_IDENTITY[sdk=iphoneos*]" = "";
				COPY_PHASE_STRIP = NO;
				DEBUG_INFORMATION_FORMAT = "dwarf-with-dsym";
				ENABLE_STRICT_OBJC_MSGSEND = YES;
				ENABLE_TESTABILITY = YES;
				GCC_C_LANGUAGE_STANDARD = gnu99;
				GCC_DYNAMIC_NO_PIC = NO;
				GCC_NO_COMMON_BLOCKS = YES;
				GCC_OPTIMIZATION_LEVEL = 0;
				GCC_PREPROCESSOR_DEFINITIONS = (
					"DEBUG=1",
					"$(inherited)",
				);
				GCC_WARN_64_TO_32_BIT_CONVERSION = YES;
				GCC_WARN_ABOUT_RETURN_TYPE = YES_ERROR;
				GCC_WARN_UNDECLARED_SELECTOR = YES;
				GCC_WARN_UNINITIALIZED_AUTOS = YES_AGGRESSIVE;
				GCC_WARN_UNUSED_FUNCTION = YES;
				GCC_WARN_UNUSED_VARIABLE = YES;
				IPHONEOS_DEPLOYMENT_TARGET = 10.0;
				MTL_ENABLE_DEBUG_INFO = YES;
				ONLY_ACTIVE_ARCH = YES;
				SDKROOT = iphoneos;
				SWIFT_OPTIMIZATION_LEVEL = "-Onone";
				TARGETED_DEVICE_FAMILY = "1,2";
			};
			name = Debug;
		};
		F0A937B81D5034F4006CD7CB /* Release */ = {
			isa = XCBuildConfiguration;
			buildSettings = {
				ALWAYS_SEARCH_USER_PATHS = NO;
				CLANG_ANALYZER_NONNULL = YES;
				CLANG_CXX_LANGUAGE_STANDARD = "gnu++0x";
				CLANG_CXX_LIBRARY = "libc++";
				CLANG_ENABLE_MODULES = YES;
				CLANG_ENABLE_OBJC_ARC = YES;
				CLANG_WARN_BOOL_CONVERSION = YES;
				CLANG_WARN_CONSTANT_CONVERSION = YES;
				CLANG_WARN_DIRECT_OBJC_ISA_USAGE = YES_ERROR;
				CLANG_WARN_EMPTY_BODY = YES;
				CLANG_WARN_ENUM_CONVERSION = YES;
				CLANG_WARN_INFINITE_RECURSION = YES;
				CLANG_WARN_INT_CONVERSION = YES;
				CLANG_WARN_OBJC_ROOT_CLASS = YES_ERROR;
				CLANG_WARN_SUSPICIOUS_MOVE = YES;
				CLANG_WARN_UNREACHABLE_CODE = YES;
				CLANG_WARN__DUPLICATE_METHOD_MATCH = YES;
				CODE_SIGN_IDENTITY = "iPhone Developer";
				"CODE_SIGN_IDENTITY[sdk=iphoneos*]" = "iPhone Developer";
				COPY_PHASE_STRIP = NO;
				DEBUG_INFORMATION_FORMAT = "dwarf-with-dsym";
				ENABLE_NS_ASSERTIONS = NO;
				ENABLE_STRICT_OBJC_MSGSEND = YES;
				GCC_C_LANGUAGE_STANDARD = gnu99;
				GCC_NO_COMMON_BLOCKS = YES;
				GCC_WARN_64_TO_32_BIT_CONVERSION = YES;
				GCC_WARN_ABOUT_RETURN_TYPE = YES_ERROR;
				GCC_WARN_UNDECLARED_SELECTOR = YES;
				GCC_WARN_UNINITIALIZED_AUTOS = YES_AGGRESSIVE;
				GCC_WARN_UNUSED_FUNCTION = YES;
				GCC_WARN_UNUSED_VARIABLE = YES;
				IPHONEOS_DEPLOYMENT_TARGET = 10.0;
				MTL_ENABLE_DEBUG_INFO = NO;
				SDKROOT = iphoneos;
				SWIFT_OPTIMIZATION_LEVEL = "-Owholemodule";
				TARGETED_DEVICE_FAMILY = "1,2";
				VALIDATE_PRODUCT = YES;
			};
			name = Release;
		};
		F0A937BA1D5034F4006CD7CB /* Debug */ = {
			isa = XCBuildConfiguration;
			buildSettings = {
				ASSETCATALOG_COMPILER_APPICON_NAME = AppIcon;
				INFOPLIST_FILE = "block-assault/Info.plist";
				LD_RUNPATH_SEARCH_PATHS = "$(inherited) @executable_path/Frameworks";
				PRODUCT_BUNDLE_IDENTIFIER = "com.logical-development.block-assault";
				PRODUCT_NAME = "$(TARGET_NAME)";
				SWIFT_VERSION = 3.0;
			};
			name = Debug;
		};
		F0A937BB1D5034F4006CD7CB /* Release */ = {
			isa = XCBuildConfiguration;
			buildSettings = {
				ASSETCATALOG_COMPILER_APPICON_NAME = AppIcon;
				INFOPLIST_FILE = "block-assault/Info.plist";
				LD_RUNPATH_SEARCH_PATHS = "$(inherited) @executable_path/Frameworks";
				PRODUCT_BUNDLE_IDENTIFIER = "com.logical-development.block-assault";
				PRODUCT_NAME = "$(TARGET_NAME)";
				SWIFT_VERSION = 3.0;
			};
			name = Release;
		};
		F0A937BD1D5034F4006CD7CB /* Debug */ = {
			isa = XCBuildConfiguration;
			buildSettings = {
				BUNDLE_LOADER = "$(TEST_HOST)";
				DEBUG_INFORMATION_FORMAT = dwarf;
				INFOPLIST_FILE = "block-assaultTests/Info.plist";
				LD_RUNPATH_SEARCH_PATHS = "$(inherited) @executable_path/Frameworks @loader_path/Frameworks";
				PRODUCT_BUNDLE_IDENTIFIER = "com.logical-development.block-assaultTests";
				PRODUCT_NAME = "$(TARGET_NAME)";
				SWIFT_VERSION = 3.0;
				TEST_HOST = "$(BUILT_PRODUCTS_DIR)/block-assault.app/block-assault";
			};
			name = Debug;
		};
		F0A937BE1D5034F4006CD7CB /* Release */ = {
			isa = XCBuildConfiguration;
			buildSettings = {
				BUNDLE_LOADER = "$(TEST_HOST)";
				INFOPLIST_FILE = "block-assaultTests/Info.plist";
				LD_RUNPATH_SEARCH_PATHS = "$(inherited) @executable_path/Frameworks @loader_path/Frameworks";
				PRODUCT_BUNDLE_IDENTIFIER = "com.logical-development.block-assaultTests";
				PRODUCT_NAME = "$(TARGET_NAME)";
				SWIFT_VERSION = 3.0;
				TEST_HOST = "$(BUILT_PRODUCTS_DIR)/block-assault.app/block-assault";
			};
			name = Release;
		};
		F0A937C01D5034F4006CD7CB /* Debug */ = {
			isa = XCBuildConfiguration;
			buildSettings = {
				DEBUG_INFORMATION_FORMAT = dwarf;
				INFOPLIST_FILE = "block-assaultUITests/Info.plist";
				LD_RUNPATH_SEARCH_PATHS = "$(inherited) @executable_path/Frameworks @loader_path/Frameworks";
				PRODUCT_BUNDLE_IDENTIFIER = "com.logical-development.block-assaultUITests";
				PRODUCT_NAME = "$(TARGET_NAME)";
				SWIFT_VERSION = 3.0;
				TEST_TARGET_NAME = "block-assault";
			};
			name = Debug;
		};
		F0A937C11D5034F4006CD7CB /* Release */ = {
			isa = XCBuildConfiguration;
			buildSettings = {
				INFOPLIST_FILE = "block-assaultUITests/Info.plist";
				LD_RUNPATH_SEARCH_PATHS = "$(inherited) @executable_path/Frameworks @loader_path/Frameworks";
				PRODUCT_BUNDLE_IDENTIFIER = "com.logical-development.block-assaultUITests";
				PRODUCT_NAME = "$(TARGET_NAME)";
				SWIFT_VERSION = 3.0;
				TEST_TARGET_NAME = "block-assault";
			};
			name = Release;
		};
/* End XCBuildConfiguration section */

/* Begin XCConfigurationList section */
		F0A937881D5034EF006CD7CB /* Build configuration list for PBXProject "block-assault" */ = {
			isa = XCConfigurationList;
			buildConfigurations = (
				F0A937B71D5034F4006CD7CB /* Debug */,
				F0A937B81D5034F4006CD7CB /* Release */,
			);
			defaultConfigurationIsVisible = 0;
			defaultConfigurationName = Release;
		};
		F0A937B91D5034F4006CD7CB /* Build configuration list for PBXNativeTarget "block-assault" */ = {
			isa = XCConfigurationList;
			buildConfigurations = (
				F0A937BA1D5034F4006CD7CB /* Debug */,
				F0A937BB1D5034F4006CD7CB /* Release */,
			);
			defaultConfigurationIsVisible = 0;
			defaultConfigurationName = Release;
		};
		F0A937BC1D5034F4006CD7CB /* Build configuration list for PBXNativeTarget "block-assaultTests" */ = {
			isa = XCConfigurationList;
			buildConfigurations = (
				F0A937BD1D5034F4006CD7CB /* Debug */,
				F0A937BE1D5034F4006CD7CB /* Release */,
			);
			defaultConfigurationIsVisible = 0;
			defaultConfigurationName = Release;
		};
		F0A937BF1D5034F4006CD7CB /* Build configuration list for PBXNativeTarget "block-assaultUITests" */ = {
			isa = XCConfigurationList;
			buildConfigurations = (
				F0A937C01D5034F4006CD7CB /* Debug */,
				F0A937C11D5034F4006CD7CB /* Release */,
			);
			defaultConfigurationIsVisible = 0;
			defaultConfigurationName = Release;
		};
/* End XCConfigurationList section */
	};
	rootObject = F0A937851D5034EF006CD7CB /* Project object */;
}
